
Microsoft Visual Studio Solution File, Format Version 12.00
# Visual Studio Version 17
VisualStudioVersion = 17.9.34723.18
MinimumVisualStudioVersion = 10.0.40219.1
Project("{888888A0-9F3D-457C-B088-3A5042F75D52}") = "gemini-quizzify", "gemini-quizzify.pyproj", "{65AC0F72-E416-493D-8AAE-F2F0BDE352F2}"
EndProject
Global
	GlobalSection(SolutionConfigurationPlatforms) = preSolution
		Debug|Any CPU = Debug|Any CPU
		Release|Any CPU = Release|Any CPU
	EndGlobalSection
	GlobalSection(ProjectConfigurationPlatforms) = postSolution
		{65AC0F72-E416-493D-8AAE-F2F0BDE352F2}.Debug|Any CPU.ActiveCfg = Debug|Any CPU
		{65AC0F72-E416-493D-8AAE-F2F0BDE352F2}.Release|Any CPU.ActiveCfg = Release|Any CPU
	EndGlobalSection
	GlobalSection(SolutionProperties) = preSolution
		HideSolutionNode = FALSE
	EndGlobalSection
	GlobalSection(ExtensibilityGlobals) = postSolution
		SolutionGuid = {442971DC-5DA9-4281-84BD-B869DF4217FF}
	EndGlobalSection
EndGlobal
